
Microsoft Visual Studio Solution File, Format Version 12.00
# Visual Studio Version 17
VisualStudioVersion = 17.10.35122.118
MinimumVisualStudioVersion = 10.0.40219.1
Project("{FAE04EC0-301F-11D3-BF4B-00C04F79EFBC}") = "AWS.SQS", "AWS.SQS\AWS.SQS.csproj", "{D68A1FB8-891F-4D4A-945D-334F7028AA39}"
EndProject
Global
	GlobalSection(SolutionConfigurationPlatforms) = preSolution
		Debug|Any CPU = Debug|Any CPU
		Release|Any CPU = Release|Any CPU
	EndGlobalSection
	GlobalSection(ProjectConfigurationPlatforms) = postSolution
		{D68A1FB8-891F-4D4A-945D-334F7028AA39}.Debug|Any CPU.ActiveCfg = Debug|Any CPU
		{D68A1FB8-891F-4D4A-945D-334F7028AA39}.Debug|Any CPU.Build.0 = Debug|Any CPU
		{D68A1FB8-891F-4D4A-945D-334F7028AA39}.Release|Any CPU.ActiveCfg = Release|Any CPU
		{D68A1FB8-891F-4D4A-945D-334F7028AA39}.Release|Any CPU.Build.0 = Release|Any CPU
	EndGlobalSection
	GlobalSection(SolutionProperties) = preSolution
		HideSolutionNode = FALSE
	EndGlobalSection
	GlobalSection(ExtensibilityGlobals) = postSolution
		SolutionGuid = {10355502-10A7-4C89-AAE0-42D832D8B107}
	EndGlobalSection
EndGlobal
